{
  "version": 4,
  "terraform_version": "1.9.1",
  "serial": 10,
  "lineage": "ec3f7d75-7f61-6db3-9319-3242625e6b84",
  "outputs": {},
  "resources": [
    {
      "mode": "managed",
      "type": "google_artifact_registry_repository_iam_member",
      "name": "repo-iam",
      "provider": "provider[\"registry.terraform.io/hashicorp/google\"]",
      "instances": [
        {
          "schema_version": 0,
          "attributes": {
            "condition": [],
            "etag": "BwYc8Nr/QNI=",
            "id": "projects/csci-5409-cloud-428311/locations/us-central1/repositories/k8s-vedant/roles/artifactregistry.reader/serviceAccount:csci-5409-cloud-428311@csci-5409-cloud-428311.iam.gserviceaccount.com",
            "location": "us-central1",
            "member": "serviceAccount:csci-5409-cloud-428311@csci-5409-cloud-428311.iam.gserviceaccount.com",
            "project": "csci-5409-cloud-428311",
            "repository": "projects/csci-5409-cloud-428311/locations/us-central1/repositories/k8s-vedant",
            "role": "roles/artifactregistry.reader"
          },
          "sensitive_attributes": [],
          "private": "bnVsbA==",
          "dependencies": [
            "google_service_account.kubernetes"
          ]
        }
      ]
    },
    {
      "mode": "managed",
      "type": "google_container_cluster",
      "name": "primary",
      "provider": "provider[\"registry.terraform.io/hashicorp/google\"]",
      "instances": [
        {
          "schema_version": 2,
          "attributes": {
            "addons_config": [
              {
                "cloudrun_config": [],
                "config_connector_config": [],
                "dns_cache_config": [],
                "gce_persistent_disk_csi_driver_config": [
                  {
                    "enabled": true
                  }
                ],
                "gcp_filestore_csi_driver_config": [],
                "gcs_fuse_csi_driver_config": [],
                "gke_backup_agent_config": [],
                "horizontal_pod_autoscaling": [],
                "http_load_balancing": [],
                "network_policy_config": [
                  {
                    "disabled": true
                  }
                ],
                "stateful_ha_config": []
              }
            ],
            "allow_net_admin": null,
            "authenticator_groups_config": [],
            "binary_authorization": [
              {
                "enabled": false,
                "evaluation_mode": ""
              }
            ],
            "cluster_autoscaling": [
              {
                "auto_provisioning_defaults": [],
                "autoscaling_profile": "BALANCED",
                "enabled": false,
                "resource_limits": []
              }
            ],
            "cluster_ipv4_cidr": "10.116.0.0/14",
            "confidential_nodes": [],
            "cost_management_config": [],
            "database_encryption": [
              {
                "key_name": "",
                "state": "DECRYPTED"
              }
            ],
            "datapath_provider": "",
            "default_max_pods_per_node": 110,
            "default_snat_status": [
              {
                "disabled": false
              }
            ],
            "deletion_protection": false,
            "description": "",
            "dns_config": [],
            "enable_autopilot": false,
            "enable_cilium_clusterwide_network_policy": false,
            "enable_intranode_visibility": false,
            "enable_k8s_beta_apis": [],
            "enable_kubernetes_alpha": false,
            "enable_l4_ilb_subsetting": false,
            "enable_legacy_abac": false,
            "enable_shielded_nodes": true,
            "enable_tpu": false,
            "endpoint": "35.223.251.55",
            "fleet": [],
            "gateway_api_config": [],
            "id": "projects/csci-5409-cloud-428311/locations/us-central1-c/clusters/k8s-vedant-container",
            "identity_service_config": [],
            "initial_node_count": 1,
            "ip_allocation_policy": [
              {
                "additional_pod_ranges_config": [],
                "cluster_ipv4_cidr_block": "10.116.0.0/14",
                "cluster_secondary_range_name": "gke-k8s-vedant-container-pods-fa5c7d21",
                "pod_cidr_overprovision_config": [
                  {
                    "disabled": false
                  }
                ],
                "services_ipv4_cidr_block": "34.118.224.0/20",
                "services_secondary_range_name": "",
                "stack_type": "IPV4"
              }
            ],
            "label_fingerprint": "a9dc16a7",
            "location": "us-central1-c",
            "logging_config": [
              {
                "enable_components": [
                  "SYSTEM_COMPONENTS",
                  "WORKLOADS"
                ]
              }
            ],
            "logging_service": "logging.googleapis.com/kubernetes",
            "maintenance_policy": [],
            "master_auth": [
              {
                "client_certificate": "",
                "client_certificate_config": [
                  {
                    "issue_client_certificate": false
                  }
                ],
                "client_key": "",
                "cluster_ca_certificate": "LS0tLS1CRUdJTiBDRVJUSUZJQ0FURS0tLS0tCk1JSUVMVENDQXBXZ0F3SUJBZ0lSQUpIUnVPaEdKbW9Ra2Y3ektuM3ZuMTh3RFFZSktvWklodmNOQVFFTEJRQXcKTHpFdE1Dc0dBMVVFQXhNa1l6RTFZVFF5T0RNdFpUZ3lZeTAwT0RNeUxUbGxOamN0T1RZeU56Um1NVEF4WkRWbApNQ0FYRFRJME1EY3hNVEUwTkRjeE9Gb1lEekl3TlRRd056QTBNVFUwTnpFNFdqQXZNUzB3S3dZRFZRUURFeVJqCk1UVmhOREk0TXkxbE9ESmpMVFE0TXpJdE9XVTJOeTA1TmpJM05HWXhNREZrTldVd2dnR2lNQTBHQ1NxR1NJYjMKRFFFQkFRVUFBNElCandBd2dnR0tBb0lCZ1FEbkdXZ3VBWWNRMVdNVmp1aDl4QVNMTmhPQ2JSVzY0ZzJiWmdUWgo3YXhVZ3k2czE5MTBhTFFjRUVvaWgzQnZqUTNsemRqaU5kdkFHVVViOEVwM3d5cU9xb0FiVUtoZkhBOWFQWjF5CjFhbnFHS0N1ZWR1V1dSZ21DNE9nbXNRc3JXbUl0dkV1N1lyL2kweDIxVEJyTFM4eGtDeHdhUVlZOVg2U201RUwKZlhoc3R3UXZuQWRQSlBtd2pRVnU4UnVRSUwrQmlhNnoyQXNrUU84ZVE5eW5rdXBMWUZUek9XejlNY2xwQmVlbwpqQTJvVmJtUzBJSzlqdHFUZ3A0R3hEYXhuRUliZFhTMk1GWlF2V0hTSUl0Umo0L3dsclhCN2YySDUxdE9YZHRpCmxNRVQxV2IyOWkwTGZrRWVqWWpJTzR2dGdadlFjMksyU2VoNEEyVC9md05jWXNWVW1IZWlGaXNjTDB6WnhzWGIKbktKeGdRVkxnZC9vU2RlbjdVRzVEK2pnNHVkTkoycS90T2k2S3BQd1lYMXQvUzFpSmtiT0REczR1QWNRcUYvaAo3S2dnQ0VTSWhZY0JuandMK3ZWWmRYMWxBQzM3Mk40TXdjUFFBSTdIQlhQNDgydHpxdlFWTkRFUVdBekFLS0YyClgrcXBVYUJxSFdxaExudmVTUU1NeDUzZlFIVUNBd0VBQWFOQ01FQXdEZ1lEVlIwUEFRSC9CQVFEQWdJRU1BOEcKQTFVZEV3RUIvd1FGTUFNQkFmOHdIUVlEVlIwT0JCWUVGQTVqbE1Bak5mUXpieFVNUWk1Vm4xUlBpVnJPTUEwRwpDU3FHU0liM0RRRUJDd1VBQTRJQmdRQkhCUUhGNDRPajBzS2hZL2FNS3VIU0RiQ0ZoMERTeUJWa2xtc2hqM3g4CnRvelVVTFNRWitXcis0RUwxVEJMeVVPY0IvR3Rta1JsajZuTFRiVUh0VVdqR3Q2eGk5ZXZKUkpRK1NPVFVYbDUKUkZBd3RRK0lCeVRSVUR5S0FKWW9JZnlSM25qdXVsYzF0VDNQOURsM2tuZTh2RUUrVlZ1QjhZWURpcVFjWWNOMgo2SWRVeHMzMjBVUVVoNkxIK2xYdUdmS1pPTDJ3TjVOWGg3cUhEdWNQVFhJdkszM284ZjlkZ1pOcjFDdlFTcHJnClc4U3RJTjNnK0gvT2VmR25BMHIrZFJobzluTFllU0JPQWJuQS9mWWp4cjhNcGhHbVlYMXlRMmZDZmc4b29rL3cKK21YZE5YRDRvM1A5dmo5S01UMFlLOHgrSjFtRDBjU0NWZ01UVGNrbURiUDRhRnA3YzlUQ2N5RHVaaU51dmpLaApqSGl4b0JxelY4N1R5cTdUdk9BWEM5ckZaQnhnL1pGUEJjSk05aEUrTG1IaVl6Tjdwbzh2ZXp4clBlUnFhUXdpCmcya2xGSTRhSlNTYXpWeVY4QUVtb1hpU0Z1WjlTSnRKYm1mUEU2K1I3VEQ2VUFzWXVSTk5aWVAwQjNXTXl0QkwKZUZXYTRLUUo1ZUNqSkFtcVowcG5FTUE9Ci0tLS0tRU5EIENFUlRJRklDQVRFLS0tLS0K"
              }
            ],
            "master_authorized_networks_config": [],
            "master_version": "1.29.5-gke.1091002",
            "mesh_certificates": [],
            "min_master_version": null,
            "monitoring_config": [
              {
                "advanced_datapath_observability_config": [
                  {
                    "enable_metrics": false,
                    "enable_relay": false,
                    "relay_mode": "DISABLED"
                  }
                ],
                "enable_components": [
                  "SYSTEM_COMPONENTS"
                ],
                "managed_prometheus": [
                  {
                    "enabled": true
                  }
                ]
              }
            ],
            "monitoring_service": "monitoring.googleapis.com/kubernetes",
            "name": "k8s-vedant-container",
            "network": "projects/csci-5409-cloud-428311/global/networks/default",
            "network_policy": [
              {
                "enabled": false,
                "provider": "PROVIDER_UNSPECIFIED"
              }
            ],
            "networking_mode": "VPC_NATIVE",
            "node_config": [],
            "node_locations": [],
            "node_pool": [],
            "node_pool_auto_config": [],
            "node_pool_defaults": [
              {
                "node_config_defaults": [
                  {
                    "containerd_config": [],
                    "logging_variant": "DEFAULT"
                  }
                ]
              }
            ],
            "node_version": "1.29.5-gke.1091002",
            "notification_config": [
              {
                "pubsub": [
                  {
                    "enabled": false,
                    "filter": [],
                    "topic": ""
                  }
                ]
              }
            ],
            "operation": null,
            "private_cluster_config": [
              {
                "enable_private_endpoint": false,
                "enable_private_nodes": false,
                "master_global_access_config": [
                  {
                    "enabled": false
                  }
                ],
                "master_ipv4_cidr_block": "",
                "peering_name": "",
                "private_endpoint": "10.128.0.27",
                "private_endpoint_subnetwork": "",
                "public_endpoint": "35.223.251.55"
              }
            ],
            "private_ipv6_google_access": "",
            "project": "csci-5409-cloud-428311",
            "release_channel": [
              {
                "channel": "REGULAR"
              }
            ],
            "remove_default_node_pool": true,
            "resource_labels": null,
            "resource_usage_export_config": [],
            "security_posture_config": [
              {
                "mode": "BASIC",
                "vulnerability_mode": "VULNERABILITY_MODE_UNSPECIFIED"
              }
            ],
            "self_link": "https://container.googleapis.com/v1/projects/csci-5409-cloud-428311/zones/us-central1-c/clusters/k8s-vedant-container",
            "service_external_ips_config": [
              {
                "enabled": false
              }
            ],
            "services_ipv4_cidr": "34.118.224.0/20",
            "subnetwork": "projects/csci-5409-cloud-428311/regions/us-central1/subnetworks/default",
            "timeouts": null,
            "tpu_ipv4_cidr_block": "",
            "vertical_pod_autoscaling": [],
            "workload_identity_config": []
          },
          "sensitive_attributes": [
            [
              {
                "type": "get_attr",
                "value": "master_auth"
              },
              {
                "type": "index",
                "value": {
                  "value": 0,
                  "type": "number"
                }
              },
              {
                "type": "get_attr",
                "value": "client_key"
              }
            ]
          ],
          "private": "eyJlMmJmYjczMC1lY2FhLTExZTYtOGY4OC0zNDM2M2JjN2M0YzAiOnsiY3JlYXRlIjoyNDAwMDAwMDAwMDAwLCJkZWxldGUiOjI0MDAwMDAwMDAwMDAsInJlYWQiOjI0MDAwMDAwMDAwMDAsInVwZGF0ZSI6MzYwMDAwMDAwMDAwMH0sInNjaGVtYV92ZXJzaW9uIjoiMiJ9"
        }
      ]
    },
    {
      "mode": "managed",
      "type": "google_container_node_pool",
      "name": "general",
      "provider": "provider[\"registry.terraform.io/hashicorp/google\"]",
      "instances": [
        {
          "schema_version": 1,
          "attributes": {
            "autoscaling": [],
            "cluster": "projects/csci-5409-cloud-428311/locations/us-central1-c/clusters/k8s-vedant-container",
            "id": "projects/csci-5409-cloud-428311/locations/us-central1-c/clusters/k8s-vedant-container/nodePools/general",
            "initial_node_count": 1,
            "instance_group_urls": [
              "https://www.googleapis.com/compute/v1/projects/csci-5409-cloud-428311/zones/us-central1-c/instanceGroupManagers/gke-k8s-vedant-container-general-455ba084-grp"
            ],
            "location": "us-central1-c",
            "managed_instance_group_urls": [
              "https://www.googleapis.com/compute/v1/projects/csci-5409-cloud-428311/zones/us-central1-c/instanceGroups/gke-k8s-vedant-container-general-455ba084-grp"
            ],
            "management": [
              {
                "auto_repair": true,
                "auto_upgrade": true
              }
            ],
            "max_pods_per_node": 110,
            "name": "general",
            "name_prefix": "",
            "network_config": [
              {
                "create_pod_range": false,
                "enable_private_nodes": false,
                "network_performance_config": [],
                "pod_cidr_overprovision_config": [],
                "pod_ipv4_cidr_block": "10.116.0.0/14",
                "pod_range": "gke-k8s-vedant-container-pods-fa5c7d21"
              }
            ],
            "node_config": [
              {
                "advanced_machine_features": [],
                "boot_disk_kms_key": "",
                "confidential_nodes": [],
                "containerd_config": [],
                "disk_size_gb": 10,
                "disk_type": "pd-standard",
                "effective_taints": [],
                "enable_confidential_storage": false,
                "ephemeral_storage_local_ssd_config": [],
                "fast_socket": [],
                "gcfs_config": [],
                "guest_accelerator": [],
                "gvnic": [],
                "host_maintenance_policy": [],
                "image_type": "COS_CONTAINERD",
                "kubelet_config": [],
                "labels": {},
                "linux_node_config": [],
                "local_nvme_ssd_block_config": [],
                "local_ssd_count": 0,
                "logging_variant": "DEFAULT",
                "machine_type": "e2-standard-2",
                "metadata": {
                  "disable-legacy-endpoints": "true"
                },
                "min_cpu_platform": "",
                "node_group": "",
                "oauth_scopes": [
                  "https://www.googleapis.com/auth/cloud-platform"
                ],
                "preemptible": true,
                "reservation_affinity": [],
                "resource_labels": null,
                "resource_manager_tags": null,
                "secondary_boot_disks": [],
                "service_account": "csci-5409-cloud-428311@csci-5409-cloud-428311.iam.gserviceaccount.com",
                "shielded_instance_config": [
                  {
                    "enable_integrity_monitoring": true,
                    "enable_secure_boot": false
                  }
                ],
                "sole_tenant_config": [],
                "spot": false,
                "tags": null,
                "taint": [],
                "workload_metadata_config": []
              }
            ],
            "node_count": 1,
            "node_locations": [
              "us-central1-c"
            ],
            "operation": null,
            "placement_policy": [],
            "project": "csci-5409-cloud-428311",
            "queued_provisioning": [],
            "timeouts": null,
            "upgrade_settings": [
              {
                "blue_green_settings": [],
                "max_surge": 1,
                "max_unavailable": 0,
                "strategy": "SURGE"
              }
            ],
            "version": "1.29.5-gke.1091002"
          },
          "sensitive_attributes": [],
          "private": "eyJlMmJmYjczMC1lY2FhLTExZTYtOGY4OC0zNDM2M2JjN2M0YzAiOnsiY3JlYXRlIjoxODAwMDAwMDAwMDAwLCJkZWxldGUiOjE4MDAwMDAwMDAwMDAsInVwZGF0ZSI6MTgwMDAwMDAwMDAwMH0sInNjaGVtYV92ZXJzaW9uIjoiMSJ9",
          "dependencies": [
            "google_container_cluster.primary",
            "google_service_account.kubernetes"
          ]
        }
      ]
    },
    {
      "mode": "managed",
      "type": "google_service_account",
      "name": "kubernetes",
      "provider": "provider[\"registry.terraform.io/hashicorp/google\"]",
      "instances": [
        {
          "schema_version": 0,
          "attributes": {
            "account_id": "csci-5409-cloud-428311",
            "create_ignore_already_exists": null,
            "description": "",
            "disabled": false,
            "display_name": "",
            "email": "csci-5409-cloud-428311@csci-5409-cloud-428311.iam.gserviceaccount.com",
            "id": "projects/csci-5409-cloud-428311/serviceAccounts/csci-5409-cloud-428311@csci-5409-cloud-428311.iam.gserviceaccount.com",
            "member": "serviceAccount:csci-5409-cloud-428311@csci-5409-cloud-428311.iam.gserviceaccount.com",
            "name": "projects/csci-5409-cloud-428311/serviceAccounts/csci-5409-cloud-428311@csci-5409-cloud-428311.iam.gserviceaccount.com",
            "project": "csci-5409-cloud-428311",
            "timeouts": null,
            "unique_id": "114496341141332869326"
          },
          "sensitive_attributes": [],
          "private": "eyJlMmJmYjczMC1lY2FhLTExZTYtOGY4OC0zNDM2M2JjN2M0YzAiOnsiY3JlYXRlIjozMDAwMDAwMDAwMDB9fQ=="
        }
      ]
    }
  ],
  "check_results": null
}
