{
  "version": 4,
  "terraform_version": "1.9.1",
  "serial": 13,
  "lineage": "ec3f7d75-7f61-6db3-9319-3242625e6b84",
  "outputs": {},
  "resources": [
    {
      "mode": "managed",
      "type": "google_artifact_registry_repository_iam_member",
      "name": "repo-iam",
      "provider": "provider[\"registry.terraform.io/hashicorp/google\"]",
      "instances": [
        {
          "schema_version": 0,
          "attributes": {
            "condition": [],
            "etag": "BwYc8Nr/QNI=",
            "id": "projects/csci-5409-cloud-428311/locations/us-central1/repositories/k8s-vedant/roles/artifactregistry.reader/serviceAccount:csci-5409-cloud-428311@csci-5409-cloud-428311.iam.gserviceaccount.com",
            "location": "us-central1",
            "member": "serviceAccount:csci-5409-cloud-428311@csci-5409-cloud-428311.iam.gserviceaccount.com",
            "project": "csci-5409-cloud-428311",
            "repository": "projects/csci-5409-cloud-428311/locations/us-central1/repositories/k8s-vedant",
            "role": "roles/artifactregistry.reader"
          },
          "sensitive_attributes": [],
          "private": "bnVsbA==",
          "dependencies": [
            "google_service_account.kubernetes"
          ]
        }
      ]
    },
    {
      "mode": "managed",
      "type": "google_container_cluster",
      "name": "primary",
      "provider": "provider[\"registry.terraform.io/hashicorp/google\"]",
      "instances": [
        {
          "schema_version": 2,
          "attributes": {
            "addons_config": [
              {
                "cloudrun_config": [],
                "config_connector_config": [],
                "dns_cache_config": [],
                "gce_persistent_disk_csi_driver_config": [
                  {
                    "enabled": true
                  }
                ],
                "gcp_filestore_csi_driver_config": [],
                "gcs_fuse_csi_driver_config": [],
                "gke_backup_agent_config": [],
                "horizontal_pod_autoscaling": [],
                "http_load_balancing": [],
                "network_policy_config": [
                  {
                    "disabled": true
                  }
                ],
                "stateful_ha_config": []
              }
            ],
            "allow_net_admin": null,
            "authenticator_groups_config": [],
            "binary_authorization": [
              {
                "enabled": false,
                "evaluation_mode": ""
              }
            ],
            "cluster_autoscaling": [
              {
                "auto_provisioning_defaults": [],
                "autoscaling_profile": "BALANCED",
                "enabled": false,
                "resource_limits": []
              }
            ],
            "cluster_ipv4_cidr": "10.0.0.0/14",
            "confidential_nodes": [],
            "cost_management_config": [],
            "database_encryption": [
              {
                "key_name": "",
                "state": "DECRYPTED"
              }
            ],
            "datapath_provider": "",
            "default_max_pods_per_node": 110,
            "default_snat_status": [
              {
                "disabled": false
              }
            ],
            "deletion_protection": false,
            "description": "",
            "dns_config": [],
            "enable_autopilot": false,
            "enable_cilium_clusterwide_network_policy": false,
            "enable_intranode_visibility": false,
            "enable_k8s_beta_apis": [],
            "enable_kubernetes_alpha": false,
            "enable_l4_ilb_subsetting": false,
            "enable_legacy_abac": false,
            "enable_shielded_nodes": true,
            "enable_tpu": false,
            "endpoint": "34.135.57.163",
            "fleet": [],
            "gateway_api_config": [],
            "id": "projects/csci-5409-cloud-428311/locations/us-central1-c/clusters/k8s-vedant-container",
            "identity_service_config": [],
            "initial_node_count": 1,
            "ip_allocation_policy": [
              {
                "additional_pod_ranges_config": [],
                "cluster_ipv4_cidr_block": "10.0.0.0/14",
                "cluster_secondary_range_name": "gke-k8s-vedant-container-pods-f9c2662f",
                "pod_cidr_overprovision_config": [
                  {
                    "disabled": false
                  }
                ],
                "services_ipv4_cidr_block": "34.118.224.0/20",
                "services_secondary_range_name": "",
                "stack_type": "IPV4"
              }
            ],
            "label_fingerprint": "a9dc16a7",
            "location": "us-central1-c",
            "logging_config": [
              {
                "enable_components": [
                  "SYSTEM_COMPONENTS",
                  "WORKLOADS"
                ]
              }
            ],
            "logging_service": "logging.googleapis.com/kubernetes",
            "maintenance_policy": [],
            "master_auth": [
              {
                "client_certificate": "",
                "client_certificate_config": [
                  {
                    "issue_client_certificate": false
                  }
                ],
                "client_key": "",
                "cluster_ca_certificate": "LS0tLS1CRUdJTiBDRVJUSUZJQ0FURS0tLS0tCk1JSUVMRENDQXBTZ0F3SUJBZ0lRV3JpQklITFZKUVBpTEpkK0ZLYk9PakFOQmdrcWhraUc5dzBCQVFzRkFEQXYKTVMwd0t3WURWUVFERXlReE1ESTBPREF4Wmkxa1pEYzVMVFJoWVdZdE9HUTJOQzB5TW1VM1l6STVaV1F6TlRndwpJQmNOTWpRd056RXlNREV4T1RJd1doZ1BNakExTkRBM01EVXdNakU1TWpCYU1DOHhMVEFyQmdOVkJBTVRKREV3Ck1qUTRNREZtTFdSa056a3ROR0ZoWmkwNFpEWTBMVEl5WlRkak1qbGxaRE0xT0RDQ0FhSXdEUVlKS29aSWh2Y04KQVFFQkJRQURnZ0dQQURDQ0FZb0NnZ0dCQUprVytacVdCK2VYcVBHdUwyOVY1Snp4amozNGRTRlhLdk4xQkNkbgpvQ0c2ZW9BeGYzaVhlci80STBDeTh6MTh3QWUydnd3TGY1SFZtU3orNTdvZUc4WlRqeEw0VjBXajVaTmRSN3BrCnVybmJXd0dRYVdEUzdRVENZSnJqUG9PMDBjajF6OGZ4U1ZaS2VUVFo2VVpTOGxjelg5SVFEYys5eklBKzlUU0IKbWVaenZtdjZQN2tMTEc4VnF6cE9VTFNWaW9md0lnMGwreVFEOWVJT01LdkxDM2EvQ0tsSXJwWnB4UWRNcnhmRApnM0xuUFRYNUNUSGlxZ1NFd1JZY2c0S0d3SVU3OUVybXE0THE0NndYVVd1aHlZTVFHdThQRDc0bzNzQTdOeTduCkZDVCtsalNCTGhWQlZvYUlJYmpwaktXdmVkcVd5b1JhUVBoVDRrRllycjlhUElNWGVhYUhmYWJXRUY1aitJTDkKMUxKZERKV3d4YzliSk0xYmRKTzB6d0MrZ0FUSnBEMGZjeUIxdSszZXF2UW56bVllZU5HWjNHbzFOZmVXNWdMMApjVXFydXRvd3g3dzFWUmhFRllSOGNyd3hxVUh1ZlZ6N2NPS2R4TjF0ZDFDZWwwcVVQOTMyRGhHbEpQMDNlc0FaCmY2NjZqaFRCbW9aWlRFUllWUTFJVTdqOVJRSURBUUFCbzBJd1FEQU9CZ05WSFE4QkFmOEVCQU1DQWdRd0R3WUQKVlIwVEFRSC9CQVV3QXdFQi96QWRCZ05WSFE0RUZnUVVheUxyUDZjcXNSRE9UUHp4YkxYNWFraUY0aG93RFFZSgpLb1pJaHZjTkFRRUxCUUFEZ2dHQkFJU3ZqcGhZMTNkWTg4RkhrMWZneGdjVlRHQW5yUXZUd3RjVXZwZ2pZcDlDClhSMUlnWWpUcjY2RWRqUzk0SjNzNUVmMzM1NzZCZ1NYR2cwRXZ0RzF4NVVzdmczeXU3R1Z4VllGdHNrS1VNNW8KaHhhbzd1T1dQekxkL3dxdlZINU5EVEZFR1FpSmU1RWZraDNkbVJjSkx5OHVyMXdVd0dRWll6aDNzQ1RlSkwyeApyd3F3VEZkUk5yOWxWQzhPZ2o1dk9GNjYrMWlxczFVU3loMXFSbVl3c0FyeDBtQ2lYcjFJbERSMFVhbXQ5cWZRCkpRMEhSa2lGNDdaYzd3S2YvODdodnEyM3JnVUFJdXZsL3hqb1lWSVdDTUhWT2FMZWc2YmZrMENZTEZUaXh2M2oKbllaZlcyK2pad01sUXVIRFg1MFBuTXNaZERDdisvVmh5dDI0S0h3a2ZBQ08vL0l6dDFpcWExYnByeVZBUFBoUQp0cXd3a2owUlR3QlV6Y2lOS2VvcEM3bVF6Z1I1QnZjL3YzL0hVaXYzYmFXa3VzTXVtNkdNSzI5N1V5K1Z3T25tCmsxUURvM0JZc1ZkV2tmZ3pZOE1RbVkwNVBsNWM4bkkySnBZM1ZvdDJKZnFkUWZzUG9YUStsMHIzNlBKSUp2M2gKc2tDZzd2YUVreFcydml1SWhTR0I5dz09Ci0tLS0tRU5EIENFUlRJRklDQVRFLS0tLS0K"
              }
            ],
            "master_authorized_networks_config": [],
            "master_version": "1.29.5-gke.1091002",
            "mesh_certificates": [],
            "min_master_version": null,
            "monitoring_config": [
              {
                "advanced_datapath_observability_config": [
                  {
                    "enable_metrics": false,
                    "enable_relay": false,
                    "relay_mode": "DISABLED"
                  }
                ],
                "enable_components": [
                  "SYSTEM_COMPONENTS"
                ],
                "managed_prometheus": [
                  {
                    "enabled": true
                  }
                ]
              }
            ],
            "monitoring_service": "monitoring.googleapis.com/kubernetes",
            "name": "k8s-vedant-container",
            "network": "projects/csci-5409-cloud-428311/global/networks/default",
            "network_policy": [
              {
                "enabled": false,
                "provider": "PROVIDER_UNSPECIFIED"
              }
            ],
            "networking_mode": "VPC_NATIVE",
            "node_config": [],
            "node_locations": [],
            "node_pool": [],
            "node_pool_auto_config": [],
            "node_pool_defaults": [
              {
                "node_config_defaults": [
                  {
                    "containerd_config": [],
                    "logging_variant": "DEFAULT"
                  }
                ]
              }
            ],
            "node_version": "1.29.5-gke.1091002",
            "notification_config": [
              {
                "pubsub": [
                  {
                    "enabled": false,
                    "filter": [],
                    "topic": ""
                  }
                ]
              }
            ],
            "operation": null,
            "private_cluster_config": [
              {
                "enable_private_endpoint": false,
                "enable_private_nodes": false,
                "master_global_access_config": [
                  {
                    "enabled": false
                  }
                ],
                "master_ipv4_cidr_block": "",
                "peering_name": "",
                "private_endpoint": "10.128.0.34",
                "private_endpoint_subnetwork": "",
                "public_endpoint": "34.135.57.163"
              }
            ],
            "private_ipv6_google_access": "",
            "project": "csci-5409-cloud-428311",
            "release_channel": [
              {
                "channel": "REGULAR"
              }
            ],
            "remove_default_node_pool": true,
            "resource_labels": null,
            "resource_usage_export_config": [],
            "security_posture_config": [
              {
                "mode": "BASIC",
                "vulnerability_mode": "VULNERABILITY_MODE_UNSPECIFIED"
              }
            ],
            "self_link": "https://container.googleapis.com/v1/projects/csci-5409-cloud-428311/zones/us-central1-c/clusters/k8s-vedant-container",
            "service_external_ips_config": [
              {
                "enabled": false
              }
            ],
            "services_ipv4_cidr": "34.118.224.0/20",
            "subnetwork": "projects/csci-5409-cloud-428311/regions/us-central1/subnetworks/default",
            "timeouts": null,
            "tpu_ipv4_cidr_block": "",
            "vertical_pod_autoscaling": [],
            "workload_identity_config": []
          },
          "sensitive_attributes": [
            [
              {
                "type": "get_attr",
                "value": "master_auth"
              },
              {
                "type": "index",
                "value": {
                  "value": 0,
                  "type": "number"
                }
              },
              {
                "type": "get_attr",
                "value": "client_key"
              }
            ]
          ],
          "private": "eyJlMmJmYjczMC1lY2FhLTExZTYtOGY4OC0zNDM2M2JjN2M0YzAiOnsiY3JlYXRlIjoyNDAwMDAwMDAwMDAwLCJkZWxldGUiOjI0MDAwMDAwMDAwMDAsInJlYWQiOjI0MDAwMDAwMDAwMDAsInVwZGF0ZSI6MzYwMDAwMDAwMDAwMH0sInNjaGVtYV92ZXJzaW9uIjoiMiJ9"
        }
      ]
    },
    {
      "mode": "managed",
      "type": "google_container_node_pool",
      "name": "general",
      "provider": "provider[\"registry.terraform.io/hashicorp/google\"]",
      "instances": [
        {
          "schema_version": 1,
          "attributes": {
            "autoscaling": [],
            "cluster": "projects/csci-5409-cloud-428311/locations/us-central1-c/clusters/k8s-vedant-container",
            "id": "projects/csci-5409-cloud-428311/locations/us-central1-c/clusters/k8s-vedant-container/nodePools/general",
            "initial_node_count": 1,
            "instance_group_urls": [
              "https://www.googleapis.com/compute/v1/projects/csci-5409-cloud-428311/zones/us-central1-c/instanceGroupManagers/gke-k8s-vedant-container-general-c1efd23b-grp"
            ],
            "location": "us-central1-c",
            "managed_instance_group_urls": [
              "https://www.googleapis.com/compute/v1/projects/csci-5409-cloud-428311/zones/us-central1-c/instanceGroups/gke-k8s-vedant-container-general-c1efd23b-grp"
            ],
            "management": [
              {
                "auto_repair": true,
                "auto_upgrade": true
              }
            ],
            "max_pods_per_node": 110,
            "name": "general",
            "name_prefix": "",
            "network_config": [
              {
                "create_pod_range": false,
                "enable_private_nodes": false,
                "network_performance_config": [],
                "pod_cidr_overprovision_config": [],
                "pod_ipv4_cidr_block": "10.0.0.0/14",
                "pod_range": "gke-k8s-vedant-container-pods-f9c2662f"
              }
            ],
            "node_config": [
              {
                "advanced_machine_features": [],
                "boot_disk_kms_key": "",
                "confidential_nodes": [],
                "containerd_config": [],
                "disk_size_gb": 10,
                "disk_type": "pd-standard",
                "effective_taints": [],
                "enable_confidential_storage": false,
                "ephemeral_storage_local_ssd_config": [],
                "fast_socket": [],
                "gcfs_config": [],
                "guest_accelerator": [],
                "gvnic": [],
                "host_maintenance_policy": [],
                "image_type": "COS_CONTAINERD",
                "kubelet_config": [],
                "labels": {},
                "linux_node_config": [],
                "local_nvme_ssd_block_config": [],
                "local_ssd_count": 0,
                "logging_variant": "DEFAULT",
                "machine_type": "e2-standard-2",
                "metadata": {
                  "disable-legacy-endpoints": "true"
                },
                "min_cpu_platform": "",
                "node_group": "",
                "oauth_scopes": [
                  "https://www.googleapis.com/auth/cloud-platform"
                ],
                "preemptible": true,
                "reservation_affinity": [],
                "resource_labels": null,
                "resource_manager_tags": null,
                "secondary_boot_disks": [],
                "service_account": "csci-5409-cloud-428311@csci-5409-cloud-428311.iam.gserviceaccount.com",
                "shielded_instance_config": [
                  {
                    "enable_integrity_monitoring": true,
                    "enable_secure_boot": false
                  }
                ],
                "sole_tenant_config": [],
                "spot": false,
                "tags": null,
                "taint": [],
                "workload_metadata_config": []
              }
            ],
            "node_count": 1,
            "node_locations": [
              "us-central1-c"
            ],
            "operation": null,
            "placement_policy": [],
            "project": "csci-5409-cloud-428311",
            "queued_provisioning": [],
            "timeouts": null,
            "upgrade_settings": [
              {
                "blue_green_settings": [],
                "max_surge": 1,
                "max_unavailable": 0,
                "strategy": "SURGE"
              }
            ],
            "version": "1.29.5-gke.1091002"
          },
          "sensitive_attributes": [],
          "private": "eyJlMmJmYjczMC1lY2FhLTExZTYtOGY4OC0zNDM2M2JjN2M0YzAiOnsiY3JlYXRlIjoxODAwMDAwMDAwMDAwLCJkZWxldGUiOjE4MDAwMDAwMDAwMDAsInVwZGF0ZSI6MTgwMDAwMDAwMDAwMH0sInNjaGVtYV92ZXJzaW9uIjoiMSJ9",
          "dependencies": [
            "google_container_cluster.primary",
            "google_service_account.kubernetes"
          ]
        }
      ]
    },
    {
      "mode": "managed",
      "type": "google_service_account",
      "name": "kubernetes",
      "provider": "provider[\"registry.terraform.io/hashicorp/google\"]",
      "instances": [
        {
          "schema_version": 0,
          "attributes": {
            "account_id": "csci-5409-cloud-428311",
            "create_ignore_already_exists": null,
            "description": "",
            "disabled": false,
            "display_name": "",
            "email": "csci-5409-cloud-428311@csci-5409-cloud-428311.iam.gserviceaccount.com",
            "id": "projects/csci-5409-cloud-428311/serviceAccounts/csci-5409-cloud-428311@csci-5409-cloud-428311.iam.gserviceaccount.com",
            "member": "serviceAccount:csci-5409-cloud-428311@csci-5409-cloud-428311.iam.gserviceaccount.com",
            "name": "projects/csci-5409-cloud-428311/serviceAccounts/csci-5409-cloud-428311@csci-5409-cloud-428311.iam.gserviceaccount.com",
            "project": "csci-5409-cloud-428311",
            "timeouts": null,
            "unique_id": "114496341141332869326"
          },
          "sensitive_attributes": [],
          "private": "eyJlMmJmYjczMC1lY2FhLTExZTYtOGY4OC0zNDM2M2JjN2M0YzAiOnsiY3JlYXRlIjozMDAwMDAwMDAwMDB9fQ=="
        }
      ]
    }
  ],
  "check_results": null
}
